
Microsoft Visual Studio Solution File, Format Version 12.00
# Visual Studio Version 16
VisualStudioVersion = 16.0.30204.135
MinimumVisualStudioVersion = 10.0.40219.1
Project("{FAE04EC0-301F-11D3-BF4B-00C04F79EFBC}") = "EF_Example", "EF_Example.csproj", "{57435678-2181-4C7D-A387-8ABFFEF81359}"
EndProject
Global
	GlobalSection(SolutionConfigurationPlatforms) = preSolution
		Debug|Any CPU = Debug|Any CPU
		Release|Any CPU = Release|Any CPU
	EndGlobalSection
	GlobalSection(ProjectConfigurationPlatforms) = postSolution
		{57435678-2181-4C7D-A387-8ABFFEF81359}.Debug|Any CPU.ActiveCfg = Debug|Any CPU
		{57435678-2181-4C7D-A387-8ABFFEF81359}.Debug|Any CPU.Build.0 = Debug|Any CPU
		{57435678-2181-4C7D-A387-8ABFFEF81359}.Release|Any CPU.ActiveCfg = Release|Any CPU
		{57435678-2181-4C7D-A387-8ABFFEF81359}.Release|Any CPU.Build.0 = Release|Any CPU
	EndGlobalSection
	GlobalSection(SolutionProperties) = preSolution
		HideSolutionNode = FALSE
	EndGlobalSection
	GlobalSection(ExtensibilityGlobals) = postSolution
		SolutionGuid = {5B3285C3-1B91-417F-915E-DE39940EDAC2}
	EndGlobalSection
EndGlobal
